// !$*UTF8*$!
{
	archiveVersion = 1;
	classes = {
	};
	objectVersion = 46;
	objects = {

/* Begin PBXBuildFile section */
		259E55D33EB7B55B62EAE255 /* Pods_FollowMyTripUITests.framework in Frameworks */ = {isa = PBXBuildFile; fileRef = F5714CA0434317AD00EF38DB /* Pods_FollowMyTripUITests.framework */; };
		B042473EBDC5A29A28AADA8F /* Pods_FollowMyTrip.framework in Frameworks */ = {isa = PBXBuildFile; fileRef = 7F1C9D569A4F4EFB1A63495F /* Pods_FollowMyTrip.framework */; };
		D9DF051F4DE2F4BCFB373032 /* Pods_FollowMyTripTests.framework in Frameworks */ = {isa = PBXBuildFile; fileRef = 78FE60C08F75E837AF01EA56 /* Pods_FollowMyTripTests.framework */; };
		DC76E45A1E1DE07A00773798 /* AppDelegate.swift in Sources */ = {isa = PBXBuildFile; fileRef = DC76E4591E1DE07A00773798 /* AppDelegate.swift */; };
		DC76E45C1E1DE07A00773798 /* ViewController.swift in Sources */ = {isa = PBXBuildFile; fileRef = DC76E45B1E1DE07A00773798 /* ViewController.swift */; };
		DC76E45F1E1DE07A00773798 /* Main.storyboard in Resources */ = {isa = PBXBuildFile; fileRef = DC76E45D1E1DE07A00773798 /* Main.storyboard */; };
		DC76E4611E1DE07A00773798 /* Assets.xcassets in Resources */ = {isa = PBXBuildFile; fileRef = DC76E4601E1DE07A00773798 /* Assets.xcassets */; };
		DC76E4641E1DE07A00773798 /* LaunchScreen.storyboard in Resources */ = {isa = PBXBuildFile; fileRef = DC76E4621E1DE07A00773798 /* LaunchScreen.storyboard */; };
		DC76E46F1E1DE07A00773798 /* FollowMyTripTests.swift in Sources */ = {isa = PBXBuildFile; fileRef = DC76E46E1E1DE07A00773798 /* FollowMyTripTests.swift */; };
		DC76E47A1E1DE07A00773798 /* FollowMyTripUITests.swift in Sources */ = {isa = PBXBuildFile; fileRef = DC76E4791E1DE07A00773798 /* FollowMyTripUITests.swift */; };
		DC76E4891E1DE09100773798 /* MapKit.framework in Frameworks */ = {isa = PBXBuildFile; fileRef = DC76E4881E1DE09100773798 /* MapKit.framework */; };
		DC76E48B1E1DEF8B00773798 /* PositionPin.swift in Sources */ = {isa = PBXBuildFile; fileRef = DC76E48A1E1DEF8B00773798 /* PositionPin.swift */; };
		DC8E85C51E1ED5C9005E3906 /* SavingViewController.swift in Sources */ = {isa = PBXBuildFile; fileRef = DC8E85C41E1ED5C9005E3906 /* SavingViewController.swift */; };
		DC8E85C71E1EDDA4005E3906 /* SavedListTableViewController.swift in Sources */ = {isa = PBXBuildFile; fileRef = DC8E85C61E1EDDA4005E3906 /* SavedListTableViewController.swift */; };
		DC8E85C91E1EDF4D005E3906 /* SavedListTableViewCell.swift in Sources */ = {isa = PBXBuildFile; fileRef = DC8E85C81E1EDF4D005E3906 /* SavedListTableViewCell.swift */; };
		DC8E85CB1E1EEA8C005E3906 /* DetailsViewController.swift in Sources */ = {isa = PBXBuildFile; fileRef = DC8E85CA1E1EEA8C005E3906 /* DetailsViewController.swift */; };
		DCC35F6D1E22845D00B4932D /* Location.swift in Sources */ = {isa = PBXBuildFile; fileRef = DCC35F6C1E22845D00B4932D /* Location.swift */; };
		DCED7B861E2293220005FDED /* LocationManager.swift in Sources */ = {isa = PBXBuildFile; fileRef = DCED7B851E2293220005FDED /* LocationManager.swift */; };
/* End PBXBuildFile section */

/* Begin PBXContainerItemProxy section */
		DC76E46B1E1DE07A00773798 /* PBXContainerItemProxy */ = {
			isa = PBXContainerItemProxy;
			containerPortal = DC76E44E1E1DE07A00773798 /* Project object */;
			proxyType = 1;
			remoteGlobalIDString = DC76E4551E1DE07A00773798;
			remoteInfo = FollowMyTrip;
		};
		DC76E4761E1DE07A00773798 /* PBXContainerItemProxy */ = {
			isa = PBXContainerItemProxy;
			containerPortal = DC76E44E1E1DE07A00773798 /* Project object */;
			proxyType = 1;
			remoteGlobalIDString = DC76E4551E1DE07A00773798;
			remoteInfo = FollowMyTrip;
		};
/* End PBXContainerItemProxy section */

/* Begin PBXFileReference section */
		259534DA9D4D6AA62D8C2A23 /* Pods-FollowMyTripUITests.debug.xcconfig */ = {isa = PBXFileReference; includeInIndex = 1; lastKnownFileType = text.xcconfig; name = "Pods-FollowMyTripUITests.debug.xcconfig"; path = "Pods/Target Support Files/Pods-FollowMyTripUITests/Pods-FollowMyTripUITests.debug.xcconfig"; sourceTree = "<group>"; };
		5901A120296B9FAEC12070B3 /* Pods-FollowMyTrip.debug.xcconfig */ = {isa = PBXFileReference; includeInIndex = 1; lastKnownFileType = text.xcconfig; name = "Pods-FollowMyTrip.debug.xcconfig"; path = "Pods/Target Support Files/Pods-FollowMyTrip/Pods-FollowMyTrip.debug.xcconfig"; sourceTree = "<group>"; };
		61137C6499CE5C7CEF5AA145 /* Pods-FollowMyTripUITests.release.xcconfig */ = {isa = PBXFileReference; includeInIndex = 1; lastKnownFileType = text.xcconfig; name = "Pods-FollowMyTripUITests.release.xcconfig"; path = "Pods/Target Support Files/Pods-FollowMyTripUITests/Pods-FollowMyTripUITests.release.xcconfig"; sourceTree = "<group>"; };
		78FE60C08F75E837AF01EA56 /* Pods_FollowMyTripTests.framework */ = {isa = PBXFileReference; explicitFileType = wrapper.framework; includeInIndex = 0; path = Pods_FollowMyTripTests.framework; sourceTree = BUILT_PRODUCTS_DIR; };
		7F1C9D569A4F4EFB1A63495F /* Pods_FollowMyTrip.framework */ = {isa = PBXFileReference; explicitFileType = wrapper.framework; includeInIndex = 0; path = Pods_FollowMyTrip.framework; sourceTree = BUILT_PRODUCTS_DIR; };
		8E9761E9CA44DFA0733AE1FA /* Pods-FollowMyTripTests.debug.xcconfig */ = {isa = PBXFileReference; includeInIndex = 1; lastKnownFileType = text.xcconfig; name = "Pods-FollowMyTripTests.debug.xcconfig"; path = "Pods/Target Support Files/Pods-FollowMyTripTests/Pods-FollowMyTripTests.debug.xcconfig"; sourceTree = "<group>"; };
		BF21549411096C5919F8DB21 /* Pods-FollowMyTrip.release.xcconfig */ = {isa = PBXFileReference; includeInIndex = 1; lastKnownFileType = text.xcconfig; name = "Pods-FollowMyTrip.release.xcconfig"; path = "Pods/Target Support Files/Pods-FollowMyTrip/Pods-FollowMyTrip.release.xcconfig"; sourceTree = "<group>"; };
		DC76E4561E1DE07A00773798 /* FollowMyTrip.app */ = {isa = PBXFileReference; explicitFileType = wrapper.application; includeInIndex = 0; path = FollowMyTrip.app; sourceTree = BUILT_PRODUCTS_DIR; };
		DC76E4591E1DE07A00773798 /* AppDelegate.swift */ = {isa = PBXFileReference; lastKnownFileType = sourcecode.swift; path = AppDelegate.swift; sourceTree = "<group>"; };
		DC76E45B1E1DE07A00773798 /* ViewController.swift */ = {isa = PBXFileReference; lastKnownFileType = sourcecode.swift; path = ViewController.swift; sourceTree = "<group>"; };
		DC76E45E1E1DE07A00773798 /* Base */ = {isa = PBXFileReference; lastKnownFileType = file.storyboard; name = Base; path = Base.lproj/Main.storyboard; sourceTree = "<group>"; };
		DC76E4601E1DE07A00773798 /* Assets.xcassets */ = {isa = PBXFileReference; lastKnownFileType = folder.assetcatalog; path = Assets.xcassets; sourceTree = "<group>"; };
		DC76E4631E1DE07A00773798 /* Base */ = {isa = PBXFileReference; lastKnownFileType = file.storyboard; name = Base; path = Base.lproj/LaunchScreen.storyboard; sourceTree = "<group>"; };
		DC76E4651E1DE07A00773798 /* Info.plist */ = {isa = PBXFileReference; lastKnownFileType = text.plist.xml; path = Info.plist; sourceTree = "<group>"; };
		DC76E46A1E1DE07A00773798 /* FollowMyTripTests.xctest */ = {isa = PBXFileReference; explicitFileType = wrapper.cfbundle; includeInIndex = 0; path = FollowMyTripTests.xctest; sourceTree = BUILT_PRODUCTS_DIR; };
		DC76E46E1E1DE07A00773798 /* FollowMyTripTests.swift */ = {isa = PBXFileReference; lastKnownFileType = sourcecode.swift; path = FollowMyTripTests.swift; sourceTree = "<group>"; };
		DC76E4701E1DE07A00773798 /* Info.plist */ = {isa = PBXFileReference; lastKnownFileType = text.plist.xml; path = Info.plist; sourceTree = "<group>"; };
		DC76E4751E1DE07A00773798 /* FollowMyTripUITests.xctest */ = {isa = PBXFileReference; explicitFileType = wrapper.cfbundle; includeInIndex = 0; path = FollowMyTripUITests.xctest; sourceTree = BUILT_PRODUCTS_DIR; };
		DC76E4791E1DE07A00773798 /* FollowMyTripUITests.swift */ = {isa = PBXFileReference; lastKnownFileType = sourcecode.swift; path = FollowMyTripUITests.swift; sourceTree = "<group>"; };
		DC76E47B1E1DE07A00773798 /* Info.plist */ = {isa = PBXFileReference; lastKnownFileType = text.plist.xml; path = Info.plist; sourceTree = "<group>"; };
		DC76E4881E1DE09100773798 /* MapKit.framework */ = {isa = PBXFileReference; lastKnownFileType = wrapper.framework; name = MapKit.framework; path = System/Library/Frameworks/MapKit.framework; sourceTree = SDKROOT; };
		DC76E48A1E1DEF8B00773798 /* PositionPin.swift */ = {isa = PBXFileReference; fileEncoding = 4; lastKnownFileType = sourcecode.swift; path = PositionPin.swift; sourceTree = "<group>"; };
		DC8E85C41E1ED5C9005E3906 /* SavingViewController.swift */ = {isa = PBXFileReference; fileEncoding = 4; lastKnownFileType = sourcecode.swift; path = SavingViewController.swift; sourceTree = "<group>"; };
		DC8E85C61E1EDDA4005E3906 /* SavedListTableViewController.swift */ = {isa = PBXFileReference; fileEncoding = 4; lastKnownFileType = sourcecode.swift; path = SavedListTableViewController.swift; sourceTree = "<group>"; };
		DC8E85C81E1EDF4D005E3906 /* SavedListTableViewCell.swift */ = {isa = PBXFileReference; fileEncoding = 4; lastKnownFileType = sourcecode.swift; path = SavedListTableViewCell.swift; sourceTree = "<group>"; };
		DC8E85CA1E1EEA8C005E3906 /* DetailsViewController.swift */ = {isa = PBXFileReference; fileEncoding = 4; lastKnownFileType = sourcecode.swift; path = DetailsViewController.swift; sourceTree = "<group>"; };
		DCC35F6C1E22845D00B4932D /* Location.swift */ = {isa = PBXFileReference; fileEncoding = 4; lastKnownFileType = sourcecode.swift; path = Location.swift; sourceTree = "<group>"; };
		DCED7B851E2293220005FDED /* LocationManager.swift */ = {isa = PBXFileReference; fileEncoding = 4; lastKnownFileType = sourcecode.swift; path = LocationManager.swift; sourceTree = "<group>"; };
		DD15683296B5DDDF3266CBB4 /* Pods-FollowMyTripTests.release.xcconfig */ = {isa = PBXFileReference; includeInIndex = 1; lastKnownFileType = text.xcconfig; name = "Pods-FollowMyTripTests.release.xcconfig"; path = "Pods/Target Support Files/Pods-FollowMyTripTests/Pods-FollowMyTripTests.release.xcconfig"; sourceTree = "<group>"; };
		F5714CA0434317AD00EF38DB /* Pods_FollowMyTripUITests.framework */ = {isa = PBXFileReference; explicitFileType = wrapper.framework; includeInIndex = 0; path = Pods_FollowMyTripUITests.framework; sourceTree = BUILT_PRODUCTS_DIR; };
/* End PBXFileReference section */

/* Begin PBXFrameworksBuildPhase section */
		DC76E4531E1DE07A00773798 /* Frameworks */ = {
			isa = PBXFrameworksBuildPhase;
			buildActionMask = 2147483647;
			files = (
				DC76E4891E1DE09100773798 /* MapKit.framework in Frameworks */,
				B042473EBDC5A29A28AADA8F /* Pods_FollowMyTrip.framework in Frameworks */,
			);
			runOnlyForDeploymentPostprocessing = 0;
		};
		DC76E4671E1DE07A00773798 /* Frameworks */ = {
			isa = PBXFrameworksBuildPhase;
			buildActionMask = 2147483647;
			files = (
				D9DF051F4DE2F4BCFB373032 /* Pods_FollowMyTripTests.framework in Frameworks */,
			);
			runOnlyForDeploymentPostprocessing = 0;
		};
		DC76E4721E1DE07A00773798 /* Frameworks */ = {
			isa = PBXFrameworksBuildPhase;
			buildActionMask = 2147483647;
			files = (
				259E55D33EB7B55B62EAE255 /* Pods_FollowMyTripUITests.framework in Frameworks */,
			);
			runOnlyForDeploymentPostprocessing = 0;
		};
/* End PBXFrameworksBuildPhase section */

/* Begin PBXGroup section */
		A3B90D5E1EC30F3A8C491B4D /* Pods */ = {
			isa = PBXGroup;
			children = (
				5901A120296B9FAEC12070B3 /* Pods-FollowMyTrip.debug.xcconfig */,
				BF21549411096C5919F8DB21 /* Pods-FollowMyTrip.release.xcconfig */,
				8E9761E9CA44DFA0733AE1FA /* Pods-FollowMyTripTests.debug.xcconfig */,
				DD15683296B5DDDF3266CBB4 /* Pods-FollowMyTripTests.release.xcconfig */,
				259534DA9D4D6AA62D8C2A23 /* Pods-FollowMyTripUITests.debug.xcconfig */,
				61137C6499CE5C7CEF5AA145 /* Pods-FollowMyTripUITests.release.xcconfig */,
			);
			name = Pods;
			sourceTree = "<group>";
		};
		DC76E44D1E1DE07A00773798 = {
			isa = PBXGroup;
			children = (
				DC76E4581E1DE07A00773798 /* FollowMyTrip */,
				DC76E46D1E1DE07A00773798 /* FollowMyTripTests */,
				DC76E4781E1DE07A00773798 /* FollowMyTripUITests */,
				DC76E4571E1DE07A00773798 /* Products */,
				DC76E4871E1DE09100773798 /* Frameworks */,
				A3B90D5E1EC30F3A8C491B4D /* Pods */,
			);
			sourceTree = "<group>";
		};
		DC76E4571E1DE07A00773798 /* Products */ = {
			isa = PBXGroup;
			children = (
				DC76E4561E1DE07A00773798 /* FollowMyTrip.app */,
				DC76E46A1E1DE07A00773798 /* FollowMyTripTests.xctest */,
				DC76E4751E1DE07A00773798 /* FollowMyTripUITests.xctest */,
			);
			name = Products;
			sourceTree = "<group>";
		};
		DC76E4581E1DE07A00773798 /* FollowMyTrip */ = {
			isa = PBXGroup;
			children = (
				DCED7B841E2293080005FDED /* Managers */,
				DCED7B831E2292C10005FDED /* Models */,
				DCED7B811E22929F0005FDED /* ViewControllers */,
				DC76E4591E1DE07A00773798 /* AppDelegate.swift */,
				DC76E45D1E1DE07A00773798 /* Main.storyboard */,
				DC76E4601E1DE07A00773798 /* Assets.xcassets */,
				DC76E4621E1DE07A00773798 /* LaunchScreen.storyboard */,
				DC76E4651E1DE07A00773798 /* Info.plist */,
			);
			path = FollowMyTrip;
			sourceTree = "<group>";
		};
		DC76E46D1E1DE07A00773798 /* FollowMyTripTests */ = {
			isa = PBXGroup;
			children = (
				DC76E46E1E1DE07A00773798 /* FollowMyTripTests.swift */,
				DC76E4701E1DE07A00773798 /* Info.plist */,
			);
			path = FollowMyTripTests;
			sourceTree = "<group>";
		};
		DC76E4781E1DE07A00773798 /* FollowMyTripUITests */ = {
			isa = PBXGroup;
			children = (
				DC76E4791E1DE07A00773798 /* FollowMyTripUITests.swift */,
				DC76E47B1E1DE07A00773798 /* Info.plist */,
			);
			path = FollowMyTripUITests;
			sourceTree = "<group>";
		};
		DC76E4871E1DE09100773798 /* Frameworks */ = {
			isa = PBXGroup;
			children = (
				DC76E4881E1DE09100773798 /* MapKit.framework */,
				7F1C9D569A4F4EFB1A63495F /* Pods_FollowMyTrip.framework */,
				78FE60C08F75E837AF01EA56 /* Pods_FollowMyTripTests.framework */,
				F5714CA0434317AD00EF38DB /* Pods_FollowMyTripUITests.framework */,
			);
			name = Frameworks;
			sourceTree = "<group>";
		};
		DCED7B811E22929F0005FDED /* ViewControllers */ = {
			isa = PBXGroup;
			children = (
				DC76E48A1E1DEF8B00773798 /* PositionPin.swift */,
				DC8E85C81E1EDF4D005E3906 /* SavedListTableViewCell.swift */,
				DC76E45B1E1DE07A00773798 /* ViewController.swift */,
				DC8E85C41E1ED5C9005E3906 /* SavingViewController.swift */,
				DC8E85C61E1EDDA4005E3906 /* SavedListTableViewController.swift */,
				DC8E85CA1E1EEA8C005E3906 /* DetailsViewController.swift */,
			);
			name = ViewControllers;
			sourceTree = "<group>";
		};
		DCED7B831E2292C10005FDED /* Models */ = {
			isa = PBXGroup;
			children = (
				DCC35F6C1E22845D00B4932D /* Location.swift */,
			);
			name = Models;
			sourceTree = "<group>";
		};
		DCED7B841E2293080005FDED /* Managers */ = {
			isa = PBXGroup;
			children = (
				DCED7B851E2293220005FDED /* LocationManager.swift */,
			);
			name = Managers;
			sourceTree = "<group>";
		};
/* End PBXGroup section */

/* Begin PBXNativeTarget section */
		DC76E4551E1DE07A00773798 /* FollowMyTrip */ = {
			isa = PBXNativeTarget;
			buildConfigurationList = DC76E47E1E1DE07A00773798 /* Build configuration list for PBXNativeTarget "FollowMyTrip" */;
			buildPhases = (
				9FFD2C0C7394D9DF76317D9E /* [CP] Check Pods Manifest.lock */,
				DC76E4521E1DE07A00773798 /* Sources */,
				DC76E4531E1DE07A00773798 /* Frameworks */,
				DC76E4541E1DE07A00773798 /* Resources */,
				0C5237E2755833C199E66CDA /* [CP] Embed Pods Frameworks */,
				8CBF605D6F7ABD1BDE8E0D02 /* [CP] Copy Pods Resources */,
			);
			buildRules = (
			);
			dependencies = (
			);
			name = FollowMyTrip;
			productName = FollowMyTrip;
			productReference = DC76E4561E1DE07A00773798 /* FollowMyTrip.app */;
			productType = "com.apple.product-type.application";
		};
		DC76E4691E1DE07A00773798 /* FollowMyTripTests */ = {
			isa = PBXNativeTarget;
			buildConfigurationList = DC76E4811E1DE07A00773798 /* Build configuration list for PBXNativeTarget "FollowMyTripTests" */;
			buildPhases = (
				F12D2C37DE672E61B570718F /* [CP] Check Pods Manifest.lock */,
				DC76E4661E1DE07A00773798 /* Sources */,
				DC76E4671E1DE07A00773798 /* Frameworks */,
				DC76E4681E1DE07A00773798 /* Resources */,
				18EC09737FFB42681F7120A9 /* [CP] Embed Pods Frameworks */,
				3A6E74EFDF6C922B52B048EC /* [CP] Copy Pods Resources */,
			);
			buildRules = (
			);
			dependencies = (
				DC76E46C1E1DE07A00773798 /* PBXTargetDependency */,
			);
			name = FollowMyTripTests;
			productName = FollowMyTripTests;
			productReference = DC76E46A1E1DE07A00773798 /* FollowMyTripTests.xctest */;
			productType = "com.apple.product-type.bundle.unit-test";
		};
		DC76E4741E1DE07A00773798 /* FollowMyTripUITests */ = {
			isa = PBXNativeTarget;
			buildConfigurationList = DC76E4841E1DE07A00773798 /* Build configuration list for PBXNativeTarget "FollowMyTripUITests" */;
			buildPhases = (
				F44C74FEB294C43D710C32EC /* [CP] Check Pods Manifest.lock */,
				DC76E4711E1DE07A00773798 /* Sources */,
				DC76E4721E1DE07A00773798 /* Frameworks */,
				DC76E4731E1DE07A00773798 /* Resources */,
				4CEA0877C3B3E632A19187E5 /* [CP] Embed Pods Frameworks */,
				BB62D645C4A546E709E6FA69 /* [CP] Copy Pods Resources */,
			);
			buildRules = (
			);
			dependencies = (
				DC76E4771E1DE07A00773798 /* PBXTargetDependency */,
			);
			name = FollowMyTripUITests;
			productName = FollowMyTripUITests;
			productReference = DC76E4751E1DE07A00773798 /* FollowMyTripUITests.xctest */;
			productType = "com.apple.product-type.bundle.ui-testing";
		};
/* End PBXNativeTarget section */

/* Begin PBXProject section */
		DC76E44E1E1DE07A00773798 /* Project object */ = {
			isa = PBXProject;
			attributes = {
				LastSwiftUpdateCheck = 0810;
				LastUpgradeCheck = 0810;
				ORGANIZATIONNAME = van;
				TargetAttributes = {
					DC76E4551E1DE07A00773798 = {
						CreatedOnToolsVersion = 8.1;
						DevelopmentTeam = M4HUHE4B9M;
						ProvisioningStyle = Automatic;
						SystemCapabilities = {
							com.apple.Maps.iOS = {
								enabled = 1;
							};
						};
					};
					DC76E4691E1DE07A00773798 = {
						CreatedOnToolsVersion = 8.1;
						DevelopmentTeam = M4HUHE4B9M;
						ProvisioningStyle = Automatic;
						TestTargetID = DC76E4551E1DE07A00773798;
					};
					DC76E4741E1DE07A00773798 = {
						CreatedOnToolsVersion = 8.1;
						DevelopmentTeam = M4HUHE4B9M;
						ProvisioningStyle = Automatic;
						TestTargetID = DC76E4551E1DE07A00773798;
					};
				};
			};
			buildConfigurationList = DC76E4511E1DE07A00773798 /* Build configuration list for PBXProject "FollowMyTrip" */;
			compatibilityVersion = "Xcode 3.2";
			developmentRegion = English;
			hasScannedForEncodings = 0;
			knownRegions = (
				en,
				Base,
			);
			mainGroup = DC76E44D1E1DE07A00773798;
			productRefGroup = DC76E4571E1DE07A00773798 /* Products */;
			projectDirPath = "";
			projectRoot = "";
			targets = (
				DC76E4551E1DE07A00773798 /* FollowMyTrip */,
				DC76E4691E1DE07A00773798 /* FollowMyTripTests */,
				DC76E4741E1DE07A00773798 /* FollowMyTripUITests */,
			);
		};
/* End PBXProject section */

/* Begin PBXResourcesBuildPhase section */
		DC76E4541E1DE07A00773798 /* Resources */ = {
			isa = PBXResourcesBuildPhase;
			buildActionMask = 2147483647;
			files = (
				DC76E4641E1DE07A00773798 /* LaunchScreen.storyboard in Resources */,
				DC76E4611E1DE07A00773798 /* Assets.xcassets in Resources */,
				DC76E45F1E1DE07A00773798 /* Main.storyboard in Resources */,
			);
			runOnlyForDeploymentPostprocessing = 0;
		};
		DC76E4681E1DE07A00773798 /* Resources */ = {
			isa = PBXResourcesBuildPhase;
			buildActionMask = 2147483647;
			files = (
			);
			runOnlyForDeploymentPostprocessing = 0;
		};
		DC76E4731E1DE07A00773798 /* Resources */ = {
			isa = PBXResourcesBuildPhase;
			buildActionMask = 2147483647;
			files = (
			);
			runOnlyForDeploymentPostprocessing = 0;
		};
/* End PBXResourcesBuildPhase section */

/* Begin PBXShellScriptBuildPhase section */
		0C5237E2755833C199E66CDA /* [CP] Embed Pods Frameworks */ = {
			isa = PBXShellScriptBuildPhase;
			buildActionMask = 2147483647;
			files = (
			);
			inputPaths = (
			);
			name = "[CP] Embed Pods Frameworks";
			outputPaths = (
			);
			runOnlyForDeploymentPostprocessing = 0;
			shellPath = /bin/sh;
			shellScript = "\"${SRCROOT}/Pods/Target Support Files/Pods-FollowMyTrip/Pods-FollowMyTrip-frameworks.sh\"\n";
			showEnvVarsInLog = 0;
		};
		18EC09737FFB42681F7120A9 /* [CP] Embed Pods Frameworks */ = {
			isa = PBXShellScriptBuildPhase;
			buildActionMask = 2147483647;
			files = (
			);
			inputPaths = (
			);
			name = "[CP] Embed Pods Frameworks";
			outputPaths = (
			);
			runOnlyForDeploymentPostprocessing = 0;
			shellPath = /bin/sh;
			shellScript = "\"${SRCROOT}/Pods/Target Support Files/Pods-FollowMyTripTests/Pods-FollowMyTripTests-frameworks.sh\"\n";
			showEnvVarsInLog = 0;
		};
		3A6E74EFDF6C922B52B048EC /* [CP] Copy Pods Resources */ = {
			isa = PBXShellScriptBuildPhase;
			buildActionMask = 2147483647;
			files = (
			);
			inputPaths = (
			);
			name = "[CP] Copy Pods Resources";
			outputPaths = (
			);
			runOnlyForDeploymentPostprocessing = 0;
			shellPath = /bin/sh;
			shellScript = "\"${SRCROOT}/Pods/Target Support Files/Pods-FollowMyTripTests/Pods-FollowMyTripTests-resources.sh\"\n";
			showEnvVarsInLog = 0;
		};
		4CEA0877C3B3E632A19187E5 /* [CP] Embed Pods Frameworks */ = {
			isa = PBXShellScriptBuildPhase;
			buildActionMask = 2147483647;
			files = (
			);
			inputPaths = (
			);
			name = "[CP] Embed Pods Frameworks";
			outputPaths = (
			);
			runOnlyForDeploymentPostprocessing = 0;
			shellPath = /bin/sh;
			shellScript = "\"${SRCROOT}/Pods/Target Support Files/Pods-FollowMyTripUITests/Pods-FollowMyTripUITests-frameworks.sh\"\n";
			showEnvVarsInLog = 0;
		};
		8CBF605D6F7ABD1BDE8E0D02 /* [CP] Copy Pods Resources */ = {
			isa = PBXShellScriptBuildPhase;
			buildActionMask = 2147483647;
			files = (
			);
			inputPaths = (
			);
			name = "[CP] Copy Pods Resources";
			outputPaths = (
			);
			runOnlyForDeploymentPostprocessing = 0;
			shellPath = /bin/sh;
			shellScript = "\"${SRCROOT}/Pods/Target Support Files/Pods-FollowMyTrip/Pods-FollowMyTrip-resources.sh\"\n";
			showEnvVarsInLog = 0;
		};
		9FFD2C0C7394D9DF76317D9E /* [CP] Check Pods Manifest.lock */ = {
			isa = PBXShellScriptBuildPhase;
			buildActionMask = 2147483647;
			files = (
			);
			inputPaths = (
			);
			name = "[CP] Check Pods Manifest.lock";
			outputPaths = (
			);
			runOnlyForDeploymentPostprocessing = 0;
			shellPath = /bin/sh;
			shellScript = "diff \"${PODS_ROOT}/../Podfile.lock\" \"${PODS_ROOT}/Manifest.lock\" > /dev/null\nif [ $? != 0 ] ; then\n    # print error to STDERR\n    echo \"error: The sandbox is not in sync with the Podfile.lock. Run 'pod install' or update your CocoaPods installation.\" >&2\n    exit 1\nfi\n";
			showEnvVarsInLog = 0;
		};
		BB62D645C4A546E709E6FA69 /* [CP] Copy Pods Resources */ = {
			isa = PBXShellScriptBuildPhase;
			buildActionMask = 2147483647;
			files = (
			);
			inputPaths = (
			);
			name = "[CP] Copy Pods Resources";
			outputPaths = (
			);
			runOnlyForDeploymentPostprocessing = 0;
			shellPath = /bin/sh;
			shellScript = "\"${SRCROOT}/Pods/Target Support Files/Pods-FollowMyTripUITests/Pods-FollowMyTripUITests-resources.sh\"\n";
			showEnvVarsInLog = 0;
		};
		F12D2C37DE672E61B570718F /* [CP] Check Pods Manifest.lock */ = {
			isa = PBXShellScriptBuildPhase;
			buildActionMask = 2147483647;
			files = (
			);
			inputPaths = (
			);
			name = "[CP] Check Pods Manifest.lock";
			outputPaths = (
			);
			runOnlyForDeploymentPostprocessing = 0;
			shellPath = /bin/sh;
			shellScript = "diff \"${PODS_ROOT}/../Podfile.lock\" \"${PODS_ROOT}/Manifest.lock\" > /dev/null\nif [ $? != 0 ] ; then\n    # print error to STDERR\n    echo \"error: The sandbox is not in sync with the Podfile.lock. Run 'pod install' or update your CocoaPods installation.\" >&2\n    exit 1\nfi\n";
			showEnvVarsInLog = 0;
		};
		F44C74FEB294C43D710C32EC /* [CP] Check Pods Manifest.lock */ = {
			isa = PBXShellScriptBuildPhase;
			buildActionMask = 2147483647;
			files = (
			);
			inputPaths = (
			);
			name = "[CP] Check Pods Manifest.lock";
			outputPaths = (
			);
			runOnlyForDeploymentPostprocessing = 0;
			shellPath = /bin/sh;
			shellScript = "diff \"${PODS_ROOT}/../Podfile.lock\" \"${PODS_ROOT}/Manifest.lock\" > /dev/null\nif [ $? != 0 ] ; then\n    # print error to STDERR\n    echo \"error: The sandbox is not in sync with the Podfile.lock. Run 'pod install' or update your CocoaPods installation.\" >&2\n    exit 1\nfi\n";
			showEnvVarsInLog = 0;
		};
/* End PBXShellScriptBuildPhase section */

/* Begin PBXSourcesBuildPhase section */
		DC76E4521E1DE07A00773798 /* Sources */ = {
			isa = PBXSourcesBuildPhase;
			buildActionMask = 2147483647;
			files = (
				DC76E48B1E1DEF8B00773798 /* PositionPin.swift in Sources */,
				DC8E85C91E1EDF4D005E3906 /* SavedListTableViewCell.swift in Sources */,
				DCC35F6D1E22845D00B4932D /* Location.swift in Sources */,
				DC76E45C1E1DE07A00773798 /* ViewController.swift in Sources */,
				DC8E85C51E1ED5C9005E3906 /* SavingViewController.swift in Sources */,
				DC8E85CB1E1EEA8C005E3906 /* DetailsViewController.swift in Sources */,
				DC8E85C71E1EDDA4005E3906 /* SavedListTableViewController.swift in Sources */,
				DC76E45A1E1DE07A00773798 /* AppDelegate.swift in Sources */,
				DCED7B861E2293220005FDED /* LocationManager.swift in Sources */,
			);
			runOnlyForDeploymentPostprocessing = 0;
		};
		DC76E4661E1DE07A00773798 /* Sources */ = {
			isa = PBXSourcesBuildPhase;
			buildActionMask = 2147483647;
			files = (
				DC76E46F1E1DE07A00773798 /* FollowMyTripTests.swift in Sources */,
			);
			runOnlyForDeploymentPostprocessing = 0;
		};
		DC76E4711E1DE07A00773798 /* Sources */ = {
			isa = PBXSourcesBuildPhase;
			buildActionMask = 2147483647;
			files = (
				DC76E47A1E1DE07A00773798 /* FollowMyTripUITests.swift in Sources */,
			);
			runOnlyForDeploymentPostprocessing = 0;
		};
/* End PBXSourcesBuildPhase section */

/* Begin PBXTargetDependency section */
		DC76E46C1E1DE07A00773798 /* PBXTargetDependency */ = {
			isa = PBXTargetDependency;
			target = DC76E4551E1DE07A00773798 /* FollowMyTrip */;
			targetProxy = DC76E46B1E1DE07A00773798 /* PBXContainerItemProxy */;
		};
		DC76E4771E1DE07A00773798 /* PBXTargetDependency */ = {
			isa = PBXTargetDependency;
			target = DC76E4551E1DE07A00773798 /* FollowMyTrip */;
			targetProxy = DC76E4761E1DE07A00773798 /* PBXContainerItemProxy */;
		};
/* End PBXTargetDependency section */

/* Begin PBXVariantGroup section */
		DC76E45D1E1DE07A00773798 /* Main.storyboard */ = {
			isa = PBXVariantGroup;
			children = (
				DC76E45E1E1DE07A00773798 /* Base */,
			);
			name = Main.storyboard;
			sourceTree = "<group>";
		};
		DC76E4621E1DE07A00773798 /* LaunchScreen.storyboard */ = {
			isa = PBXVariantGroup;
			children = (
				DC76E4631E1DE07A00773798 /* Base */,
			);
			name = LaunchScreen.storyboard;
			sourceTree = "<group>";
		};
/* End PBXVariantGroup section */

/* Begin XCBuildConfiguration section */
		DC76E47C1E1DE07A00773798 /* Debug */ = {
			isa = XCBuildConfiguration;
			buildSettings = {
				ALWAYS_SEARCH_USER_PATHS = NO;
				CLANG_ANALYZER_NONNULL = YES;
				CLANG_CXX_LANGUAGE_STANDARD = "gnu++0x";
				CLANG_CXX_LIBRARY = "libc++";
				CLANG_ENABLE_MODULES = YES;
				CLANG_ENABLE_OBJC_ARC = YES;
				CLANG_WARN_BOOL_CONVERSION = YES;
				CLANG_WARN_CONSTANT_CONVERSION = YES;
				CLANG_WARN_DIRECT_OBJC_ISA_USAGE = YES_ERROR;
				CLANG_WARN_DOCUMENTATION_COMMENTS = YES;
				CLANG_WARN_EMPTY_BODY = YES;
				CLANG_WARN_ENUM_CONVERSION = YES;
				CLANG_WARN_INFINITE_RECURSION = YES;
				CLANG_WARN_INT_CONVERSION = YES;
				CLANG_WARN_OBJC_ROOT_CLASS = YES_ERROR;
				CLANG_WARN_SUSPICIOUS_MOVE = YES;
				CLANG_WARN_SUSPICIOUS_MOVES = YES;
				CLANG_WARN_UNREACHABLE_CODE = YES;
				CLANG_WARN__DUPLICATE_METHOD_MATCH = YES;
				"CODE_SIGN_IDENTITY[sdk=iphoneos*]" = "iPhone Developer";
				COPY_PHASE_STRIP = NO;
				DEBUG_INFORMATION_FORMAT = dwarf;
				ENABLE_STRICT_OBJC_MSGSEND = YES;
				ENABLE_TESTABILITY = YES;
				FRAMEWORK_SEARCH_PATHS = (
					"/Users/nicolaspinaud/Library/Developer/Xcode/DerivedData/FollowMyTrip-bkiahyejukcrssgxsxhltrkkazuf/Build/Products/Debug-iphonesimulator/RealmSwift/RealmSwift.framework/**",
					"/Users/nicolaspinaud/Library/Developer/Xcode/DerivedData/FollowMyTrip-bkiahyejukcrssgxsxhltrkkazuf/Build/Products/Debug-iphonesimulator/Realm/Realm.framework/**",
				);
				GCC_C_LANGUAGE_STANDARD = gnu99;
				GCC_DYNAMIC_NO_PIC = NO;
				GCC_NO_COMMON_BLOCKS = YES;
				GCC_OPTIMIZATION_LEVEL = 0;
				GCC_PREPROCESSOR_DEFINITIONS = (
					"DEBUG=1",
					"$(inherited)",
				);
				GCC_WARN_64_TO_32_BIT_CONVERSION = YES;
				GCC_WARN_ABOUT_RETURN_TYPE = YES_ERROR;
				GCC_WARN_UNDECLARED_SELECTOR = YES;
				GCC_WARN_UNINITIALIZED_AUTOS = YES_AGGRESSIVE;
				GCC_WARN_UNUSED_FUNCTION = YES;
				GCC_WARN_UNUSED_VARIABLE = YES;
				IPHONEOS_DEPLOYMENT_TARGET = 10.1;
				MTL_ENABLE_DEBUG_INFO = YES;
				ONLY_ACTIVE_ARCH = YES;
				SDKROOT = iphoneos;
				SWIFT_ACTIVE_COMPILATION_CONDITIONS = DEBUG;
				SWIFT_OPTIMIZATION_LEVEL = "-Onone";
				TARGETED_DEVICE_FAMILY = "1,2";
			};
			name = Debug;
		};
		DC76E47D1E1DE07A00773798 /* Release */ = {
			isa = XCBuildConfiguration;
			buildSettings = {
				ALWAYS_SEARCH_USER_PATHS = NO;
				CLANG_ANALYZER_NONNULL = YES;
				CLANG_CXX_LANGUAGE_STANDARD = "gnu++0x";
				CLANG_CXX_LIBRARY = "libc++";
				CLANG_ENABLE_MODULES = YES;
				CLANG_ENABLE_OBJC_ARC = YES;
				CLANG_WARN_BOOL_CONVERSION = YES;
				CLANG_WARN_CONSTANT_CONVERSION = YES;
				CLANG_WARN_DIRECT_OBJC_ISA_USAGE = YES_ERROR;
				CLANG_WARN_DOCUMENTATION_COMMENTS = YES;
				CLANG_WARN_EMPTY_BODY = YES;
				CLANG_WARN_ENUM_CONVERSION = YES;
				CLANG_WARN_INFINITE_RECURSION = YES;
				CLANG_WARN_INT_CONVERSION = YES;
				CLANG_WARN_OBJC_ROOT_CLASS = YES_ERROR;
				CLANG_WARN_SUSPICIOUS_MOVE = YES;
				CLANG_WARN_SUSPICIOUS_MOVES = YES;
				CLANG_WARN_UNREACHABLE_CODE = YES;
				CLANG_WARN__DUPLICATE_METHOD_MATCH = YES;
				"CODE_SIGN_IDENTITY[sdk=iphoneos*]" = "iPhone Developer";
				COPY_PHASE_STRIP = NO;
				DEBUG_INFORMATION_FORMAT = "dwarf-with-dsym";
				ENABLE_NS_ASSERTIONS = NO;
				ENABLE_STRICT_OBJC_MSGSEND = YES;
				FRAMEWORK_SEARCH_PATHS = (
					"/Users/nicolaspinaud/Library/Developer/Xcode/DerivedData/FollowMyTrip-bkiahyejukcrssgxsxhltrkkazuf/Build/Products/Debug-iphonesimulator/RealmSwift/RealmSwift.framework/**",
					"/Users/nicolaspinaud/Library/Developer/Xcode/DerivedData/FollowMyTrip-bkiahyejukcrssgxsxhltrkkazuf/Build/Products/Debug-iphonesimulator/Realm/Realm.framework/**",
				);
				GCC_C_LANGUAGE_STANDARD = gnu99;
				GCC_NO_COMMON_BLOCKS = YES;
				GCC_WARN_64_TO_32_BIT_CONVERSION = YES;
				GCC_WARN_ABOUT_RETURN_TYPE = YES_ERROR;
				GCC_WARN_UNDECLARED_SELECTOR = YES;
				GCC_WARN_UNINITIALIZED_AUTOS = YES_AGGRESSIVE;
				GCC_WARN_UNUSED_FUNCTION = YES;
				GCC_WARN_UNUSED_VARIABLE = YES;
				IPHONEOS_DEPLOYMENT_TARGET = 10.1;
				MTL_ENABLE_DEBUG_INFO = NO;
				SDKROOT = iphoneos;
				SWIFT_OPTIMIZATION_LEVEL = "-Owholemodule";
				TARGETED_DEVICE_FAMILY = "1,2";
				VALIDATE_PRODUCT = YES;
			};
			name = Release;
		};
		DC76E47F1E1DE07A00773798 /* Debug */ = {
			isa = XCBuildConfiguration;
			baseConfigurationReference = 5901A120296B9FAEC12070B3 /* Pods-FollowMyTrip.debug.xcconfig */;
			buildSettings = {
				ALWAYS_EMBED_SWIFT_STANDARD_LIBRARIES = "$(inherited)";
				ASSETCATALOG_COMPILER_APPICON_NAME = AppIcon;
				DEVELOPMENT_TEAM = M4HUHE4B9M;
				INFOPLIST_FILE = FollowMyTrip/Info.plist;
				LD_RUNPATH_SEARCH_PATHS = "$(inherited) @executable_path/Frameworks";
				PRODUCT_BUNDLE_IDENTIFIER = com.van.FollowMyTrip;
				PRODUCT_NAME = "$(TARGET_NAME)";
				SWIFT_VERSION = 3.0;
			};
			name = Debug;
		};
		DC76E4801E1DE07A00773798 /* Release */ = {
			isa = XCBuildConfiguration;
			baseConfigurationReference = BF21549411096C5919F8DB21 /* Pods-FollowMyTrip.release.xcconfig */;
			buildSettings = {
				ALWAYS_EMBED_SWIFT_STANDARD_LIBRARIES = "$(inherited)";
				ASSETCATALOG_COMPILER_APPICON_NAME = AppIcon;
				DEVELOPMENT_TEAM = M4HUHE4B9M;
				INFOPLIST_FILE = FollowMyTrip/Info.plist;
				LD_RUNPATH_SEARCH_PATHS = "$(inherited) @executable_path/Frameworks";
				PRODUCT_BUNDLE_IDENTIFIER = com.van.FollowMyTrip;
				PRODUCT_NAME = "$(TARGET_NAME)";
				SWIFT_VERSION = 3.0;
			};
			name = Release;
		};
		DC76E4821E1DE07A00773798 /* Debug */ = {
			isa = XCBuildConfiguration;
			baseConfigurationReference = 8E9761E9CA44DFA0733AE1FA /* Pods-FollowMyTripTests.debug.xcconfig */;
			buildSettings = {
				ALWAYS_EMBED_SWIFT_STANDARD_LIBRARIES = "$(inherited)";
				BUNDLE_LOADER = "$(TEST_HOST)";
				DEVELOPMENT_TEAM = M4HUHE4B9M;
				INFOPLIST_FILE = FollowMyTripTests/Info.plist;
				LD_RUNPATH_SEARCH_PATHS = "$(inherited) @executable_path/Frameworks @loader_path/Frameworks";
				PRODUCT_BUNDLE_IDENTIFIER = com.van.FollowMyTripTests;
				PRODUCT_NAME = "$(TARGET_NAME)";
				SWIFT_VERSION = 3.0;
				TEST_HOST = "$(BUILT_PRODUCTS_DIR)/FollowMyTrip.app/FollowMyTrip";
			};
			name = Debug;
		};
		DC76E4831E1DE07A00773798 /* Release */ = {
			isa = XCBuildConfiguration;
			baseConfigurationReference = DD15683296B5DDDF3266CBB4 /* Pods-FollowMyTripTests.release.xcconfig */;
			buildSettings = {
				ALWAYS_EMBED_SWIFT_STANDARD_LIBRARIES = "$(inherited)";
				BUNDLE_LOADER = "$(TEST_HOST)";
				DEVELOPMENT_TEAM = M4HUHE4B9M;
				INFOPLIST_FILE = FollowMyTripTests/Info.plist;
				LD_RUNPATH_SEARCH_PATHS = "$(inherited) @executable_path/Frameworks @loader_path/Frameworks";
				PRODUCT_BUNDLE_IDENTIFIER = com.van.FollowMyTripTests;
				PRODUCT_NAME = "$(TARGET_NAME)";
				SWIFT_VERSION = 3.0;
				TEST_HOST = "$(BUILT_PRODUCTS_DIR)/FollowMyTrip.app/FollowMyTrip";
			};
			name = Release;
		};
		DC76E4851E1DE07A00773798 /* Debug */ = {
			isa = XCBuildConfiguration;
			baseConfigurationReference = 259534DA9D4D6AA62D8C2A23 /* Pods-FollowMyTripUITests.debug.xcconfig */;
			buildSettings = {
				ALWAYS_EMBED_SWIFT_STANDARD_LIBRARIES = "$(inherited)";
				DEVELOPMENT_TEAM = M4HUHE4B9M;
				INFOPLIST_FILE = FollowMyTripUITests/Info.plist;
				LD_RUNPATH_SEARCH_PATHS = "$(inherited) @executable_path/Frameworks @loader_path/Frameworks";
				PRODUCT_BUNDLE_IDENTIFIER = com.van.FollowMyTripUITests;
				PRODUCT_NAME = "$(TARGET_NAME)";
				SWIFT_VERSION = 3.0;
				TEST_TARGET_NAME = FollowMyTrip;
			};
			name = Debug;
		};
		DC76E4861E1DE07A00773798 /* Release */ = {
			isa = XCBuildConfiguration;
			baseConfigurationReference = 61137C6499CE5C7CEF5AA145 /* Pods-FollowMyTripUITests.release.xcconfig */;
			buildSettings = {
				ALWAYS_EMBED_SWIFT_STANDARD_LIBRARIES = "$(inherited)";
				DEVELOPMENT_TEAM = M4HUHE4B9M;
				INFOPLIST_FILE = FollowMyTripUITests/Info.plist;
				LD_RUNPATH_SEARCH_PATHS = "$(inherited) @executable_path/Frameworks @loader_path/Frameworks";
				PRODUCT_BUNDLE_IDENTIFIER = com.van.FollowMyTripUITests;
				PRODUCT_NAME = "$(TARGET_NAME)";
				SWIFT_VERSION = 3.0;
				TEST_TARGET_NAME = FollowMyTrip;
			};
			name = Release;
		};
/* End XCBuildConfiguration section */

/* Begin XCConfigurationList section */
		DC76E4511E1DE07A00773798 /* Build configuration list for PBXProject "FollowMyTrip" */ = {
			isa = XCConfigurationList;
			buildConfigurations = (
				DC76E47C1E1DE07A00773798 /* Debug */,
				DC76E47D1E1DE07A00773798 /* Release */,
			);
			defaultConfigurationIsVisible = 0;
			defaultConfigurationName = Release;
		};
		DC76E47E1E1DE07A00773798 /* Build configuration list for PBXNativeTarget "FollowMyTrip" */ = {
			isa = XCConfigurationList;
			buildConfigurations = (
				DC76E47F1E1DE07A00773798 /* Debug */,
				DC76E4801E1DE07A00773798 /* Release */,
			);
			defaultConfigurationIsVisible = 0;
			defaultConfigurationName = Release;
		};
		DC76E4811E1DE07A00773798 /* Build configuration list for PBXNativeTarget "FollowMyTripTests" */ = {
			isa = XCConfigurationList;
			buildConfigurations = (
				DC76E4821E1DE07A00773798 /* Debug */,
				DC76E4831E1DE07A00773798 /* Release */,
			);
			defaultConfigurationIsVisible = 0;
			defaultConfigurationName = Release;
		};
		DC76E4841E1DE07A00773798 /* Build configuration list for PBXNativeTarget "FollowMyTripUITests" */ = {
			isa = XCConfigurationList;
			buildConfigurations = (
				DC76E4851E1DE07A00773798 /* Debug */,
				DC76E4861E1DE07A00773798 /* Release */,
			);
			defaultConfigurationIsVisible = 0;
			defaultConfigurationName = Release;
		};
/* End XCConfigurationList section */
	};
	rootObject = DC76E44E1E1DE07A00773798 /* Project object */;
}
